{
  "originHash" : "baafeee01e7276231b585c8afd546ffdab04962d32c785355e7f732ed63149c5",
  "pins" : [
    {
      "identity" : "inject",
      "kind" : "remoteSourceControl",
      "location" : "https://github.com/krzysztofzablocki/Inject.git",
      "state" : {
        "revision" : "f53380e986a8b056e37d7ce9ca68de610b8415ef",
        "version" : "1.6.0"
      }
    },
    {
      "identity" : "onboardingkit",
      "kind" : "remoteSourceControl",
      "location" : "https://github.com/danielsaidi/OnboardingKit.git",
      "state" : {
        "revision" : "64c54277c289fa1f8ddf5b07f1401e08c7222711",
        "version" : "10.0.0"
      }
    },
    {
      "identity" : "pageview",
      "kind" : "remoteSourceControl",
      "location" : "https://github.com/danielsaidi/PageView.git",
      "state" : {
        "revision" : "b60c9ced36242eae0eb81ab0a8e7273386fdbb9b",
        "version" : "0.2.0"
      }
    },
    {
      "identity" : "skip",
      "kind" : "remoteSourceControl",
      "location" : "https://github.com/skiptools/skip.git",
      "state" : {
        "revision" : "211ad40b5828e418ecb1c033d6a502a900f1be31",
        "version" : "1.9.11"
      }
    },
    {
      "identity" : "skip-foundation",
      "kind" : "remoteSourceControl",
      "location" : "https://github.com/skiptools/skip-foundation.git",
      "state" : {
        "revision" : "79b422dc6612b1a392ae0b6b6ac4724a6ffdb7af",
        "version" : "1.4.6"
      }
    },
    {
      "identity" : "skip-lib",
      "kind" : "remoteSourceControl",
      "location" : "https://github.com/skiptools/skip-lib.git",
      "state" : {
        "revision" : "21a1c7c8f97730b3a3d88058daf8c9d78a9c7c43",
        "version" : "1.4.3"
      }
    },
    {
      "identity" : "skip-model",
      "kind" : "remoteSourceControl",
      "location" : "https://github.com/skiptools/skip-model.git",
      "state" : {
        "revision" : "3de7c8315f35035a905225b9057d4272772aa0ef",
        "version" : "1.8.0"
      }
    },
    {
      "identity" : "skip-ui",
      "kind" : "remoteSourceControl",
      "location" : "https://github.com/skiptools/skip-ui.git",
      "state" : {
        "revision" : "b5cc6c92c087e7c0011cee7da6982e93103c1fcc",
        "version" : "1.60.0"
      }
    },
    {
      "identity" : "skip-unit",
      "kind" : "remoteSourceControl",
      "location" : "https://github.com/skiptools/skip-unit.git",
      "state" : {
        "revision" : "fc58e058f3d25675e047a758281c39dba5d52570",
        "version" : "1.7.2"
      }
    }
  ],
  "version" : 3
}
