{
  "originHash" : "655e2b9a0fb6f8ae2fdf507b6c37b96b1238c79520dcac01b7a3dc905940a7fd",
  "pins" : [
    {
      "identity" : "skip",
      "kind" : "remoteSourceControl",
      "location" : "https://github.com/skiptools/skip.git",
      "state" : {
        "revision" : "211ad40b5828e418ecb1c033d6a502a900f1be31",
        "version" : "1.9.11"
      }
    },
    {
      "identity" : "skip-foundation",
      "kind" : "remoteSourceControl",
      "location" : "https://github.com/skiptools/skip-foundation.git",
      "state" : {
        "revision" : "79b422dc6612b1a392ae0b6b6ac4724a6ffdb7af",
        "version" : "1.4.6"
      }
    },
    {
      "identity" : "skip-lib",
      "kind" : "remoteSourceControl",
      "location" : "https://github.com/skiptools/skip-lib.git",
      "state" : {
        "revision" : "21a1c7c8f97730b3a3d88058daf8c9d78a9c7c43",
        "version" : "1.4.3"
      }
    },
    {
      "identity" : "skip-model",
      "kind" : "remoteSourceControl",
      "location" : "https://github.com/skiptools/skip-model.git",
      "state" : {
        "revision" : "3de7c8315f35035a905225b9057d4272772aa0ef",
        "version" : "1.8.0"
      }
    },
    {
      "identity" : "skip-ui",
      "kind" : "remoteSourceControl",
      "location" : "https://github.com/skiptools/skip-ui.git",
      "state" : {
        "revision" : "b5cc6c92c087e7c0011cee7da6982e93103c1fcc",
        "version" : "1.60.0"
      }
    },
    {
      "identity" : "skip-unit",
      "kind" : "remoteSourceControl",
      "location" : "https://github.com/skiptools/skip-unit.git",
      "state" : {
        "revision" : "fc58e058f3d25675e047a758281c39dba5d52570",
        "version" : "1.7.2"
      }
    }
  ],
  "version" : 3
}
