// !$*UTF8*$!
{
	archiveVersion = 1;
	classes = {
	};
	objectVersion = 56;
	objects = {

/* Begin PBXBuildFile section */
		91928FA02BFFEDC400C3B9B0 /* FriendSimulatorApp.swift in Sources */ = {isa = PBXBuildFile; fileRef = 91928F9F2BFFEDC400C3B9B0 /* FriendSimulatorApp.swift */; };
		91928FA22BFFEDC400C3B9B0 /* ContentView.swift in Sources */ = {isa = PBXBuildFile; fileRef = 91928FA12BFFEDC400C3B9B0 /* ContentView.swift */; };
		91928FA42BFFEDC500C3B9B0 /* Assets.xcassets in Resources */ = {isa = PBXBuildFile; fileRef = 91928FA32BFFEDC500C3B9B0 /* Assets.xcassets */; };
		91928FA72BFFEDC500C3B9B0 /* Preview Assets.xcassets in Resources */ = {isa = PBXBuildFile; fileRef = 91928FA62BFFEDC500C3B9B0 /* Preview Assets.xcassets */; };
		91928FAF2C00826900C3B9B0 /* BLEManager.swift in Sources */ = {isa = PBXBuildFile; fileRef = 91928FAE2C00826900C3B9B0 /* BLEManager.swift */; };
		919CB3222C0B544A0019887D /* README.md in Resources */ = {isa = PBXBuildFile; fileRef = 919CB3212C0B544A0019887D /* README.md */; };
/* End PBXBuildFile section */

/* Begin PBXFileReference section */
		91928F9C2BFFEDC400C3B9B0 /* FriendSimulator.app */ = {isa = PBXFileReference; explicitFileType = wrapper.application; includeInIndex = 0; path = FriendSimulator.app; sourceTree = BUILT_PRODUCTS_DIR; };
		91928F9F2BFFEDC400C3B9B0 /* FriendSimulatorApp.swift */ = {isa = PBXFileReference; lastKnownFileType = sourcecode.swift; path = FriendSimulatorApp.swift; sourceTree = "<group>"; };
		91928FA12BFFEDC400C3B9B0 /* ContentView.swift */ = {isa = PBXFileReference; lastKnownFileType = sourcecode.swift; path = ContentView.swift; sourceTree = "<group>"; };
		91928FA32BFFEDC500C3B9B0 /* Assets.xcassets */ = {isa = PBXFileReference; lastKnownFileType = folder.assetcatalog; path = Assets.xcassets; sourceTree = "<group>"; };
		91928FA62BFFEDC500C3B9B0 /* Preview Assets.xcassets */ = {isa = PBXFileReference; lastKnownFileType = folder.assetcatalog; path = "Preview Assets.xcassets"; sourceTree = "<group>"; };
		91928FA82BFFEDC500C3B9B0 /* FriendSimulator.entitlements */ = {isa = PBXFileReference; lastKnownFileType = text.plist.entitlements; path = FriendSimulator.entitlements; sourceTree = "<group>"; };
		91928FAE2C00826900C3B9B0 /* BLEManager.swift */ = {isa = PBXFileReference; lastKnownFileType = sourcecode.swift; path = BLEManager.swift; sourceTree = "<group>"; };
		91928FB22C0090D900C3B9B0 /* Info.plist */ = {isa = PBXFileReference; lastKnownFileType = text.plist; path = Info.plist; sourceTree = "<group>"; };
		919CB3212C0B544A0019887D /* README.md */ = {isa = PBXFileReference; lastKnownFileType = net.daringfireball.markdown; path = README.md; sourceTree = "<group>"; };
/* End PBXFileReference section */

/* Begin PBXFrameworksBuildPhase section */
		91928F992BFFEDC400C3B9B0 /* Frameworks */ = {
			isa = PBXFrameworksBuildPhase;
			buildActionMask = 2147483647;
			files = (
			);
			runOnlyForDeploymentPostprocessing = 0;
		};
/* End PBXFrameworksBuildPhase section */

/* Begin PBXGroup section */
		91928F932BFFEDC400C3B9B0 = {
			isa = PBXGroup;
			children = (
				919CB3212C0B544A0019887D /* README.md */,
				91928F9E2BFFEDC400C3B9B0 /* FriendSimulator */,
				91928F9D2BFFEDC400C3B9B0 /* Products */,
			);
			sourceTree = "<group>";
		};
		91928F9D2BFFEDC400C3B9B0 /* Products */ = {
			isa = PBXGroup;
			children = (
				91928F9C2BFFEDC400C3B9B0 /* FriendSimulator.app */,
			);
			name = Products;
			sourceTree = "<group>";
		};
		91928F9E2BFFEDC400C3B9B0 /* FriendSimulator */ = {
			isa = PBXGroup;
			children = (
				91928FB22C0090D900C3B9B0 /* Info.plist */,
				91928FAE2C00826900C3B9B0 /* BLEManager.swift */,
				91928F9F2BFFEDC400C3B9B0 /* FriendSimulatorApp.swift */,
				91928FA12BFFEDC400C3B9B0 /* ContentView.swift */,
				91928FA32BFFEDC500C3B9B0 /* Assets.xcassets */,
				91928FA82BFFEDC500C3B9B0 /* FriendSimulator.entitlements */,
				91928FA52BFFEDC500C3B9B0 /* Preview Content */,
			);
			path = FriendSimulator;
			sourceTree = "<group>";
		};
		91928FA52BFFEDC500C3B9B0 /* Preview Content */ = {
			isa = PBXGroup;
			children = (
				91928FA62BFFEDC500C3B9B0 /* Preview Assets.xcassets */,
			);
			path = "Preview Content";
			sourceTree = "<group>";
		};
/* End PBXGroup section */

/* Begin PBXNativeTarget section */
		91928F9B2BFFEDC400C3B9B0 /* FriendSimulator */ = {
			isa = PBXNativeTarget;
			buildConfigurationList = 91928FAB2BFFEDC500C3B9B0 /* Build configuration list for PBXNativeTarget "FriendSimulator" */;
			buildPhases = (
				91928F982BFFEDC400C3B9B0 /* Sources */,
				91928F992BFFEDC400C3B9B0 /* Frameworks */,
				91928F9A2BFFEDC400C3B9B0 /* Resources */,
			);
			buildRules = (
			);
			dependencies = (
			);
			name = FriendSimulator;
			productName = FriendSimulator;
			productReference = 91928F9C2BFFEDC400C3B9B0 /* FriendSimulator.app */;
			productType = "com.apple.product-type.application";
		};
/* End PBXNativeTarget section */

/* Begin PBXProject section */
		91928F942BFFEDC400C3B9B0 /* Project object */ = {
			isa = PBXProject;
			attributes = {
				BuildIndependentTargetsInParallel = 1;
				LastSwiftUpdateCheck = 1540;
				LastUpgradeCheck = 1540;
				TargetAttributes = {
					91928F9B2BFFEDC400C3B9B0 = {
						CreatedOnToolsVersion = 15.4;
					};
				};
			};
			buildConfigurationList = 91928F972BFFEDC400C3B9B0 /* Build configuration list for PBXProject "FriendSimulator" */;
			compatibilityVersion = "Xcode 14.0";
			developmentRegion = en;
			hasScannedForEncodings = 0;
			knownRegions = (
				en,
				Base,
			);
			mainGroup = 91928F932BFFEDC400C3B9B0;
			productRefGroup = 91928F9D2BFFEDC400C3B9B0 /* Products */;
			projectDirPath = "";
			projectRoot = "";
			targets = (
				91928F9B2BFFEDC400C3B9B0 /* FriendSimulator */,
			);
		};
/* End PBXProject section */

/* Begin PBXResourcesBuildPhase section */
		91928F9A2BFFEDC400C3B9B0 /* Resources */ = {
			isa = PBXResourcesBuildPhase;
			buildActionMask = 2147483647;
			files = (
				919CB3222C0B544A0019887D /* README.md in Resources */,
				91928FA72BFFEDC500C3B9B0 /* Preview Assets.xcassets in Resources */,
				91928FA42BFFEDC500C3B9B0 /* Assets.xcassets in Resources */,
			);
			runOnlyForDeploymentPostprocessing = 0;
		};
/* End PBXResourcesBuildPhase section */

/* Begin PBXSourcesBuildPhase section */
		91928F982BFFEDC400C3B9B0 /* Sources */ = {
			isa = PBXSourcesBuildPhase;
			buildActionMask = 2147483647;
			files = (
				91928FA22BFFEDC400C3B9B0 /* ContentView.swift in Sources */,
				91928FAF2C00826900C3B9B0 /* BLEManager.swift in Sources */,
				91928FA02BFFEDC400C3B9B0 /* FriendSimulatorApp.swift in Sources */,
			);
			runOnlyForDeploymentPostprocessing = 0;
		};
/* End PBXSourcesBuildPhase section */

/* Begin XCBuildConfiguration section */
		91928FA92BFFEDC500C3B9B0 /* Debug */ = {
			isa = XCBuildConfiguration;
			buildSettings = {
				ALWAYS_SEARCH_USER_PATHS = NO;
				ASSETCATALOG_COMPILER_GENERATE_SWIFT_ASSET_SYMBOL_EXTENSIONS = YES;
				CLANG_ANALYZER_NONNULL = YES;
				CLANG_ANALYZER_NUMBER_OBJECT_CONVERSION = YES_AGGRESSIVE;
				CLANG_CXX_LANGUAGE_STANDARD = "gnu++20";
				CLANG_ENABLE_MODULES = YES;
				CLANG_ENABLE_OBJC_ARC = YES;
				CLANG_ENABLE_OBJC_WEAK = YES;
				CLANG_WARN_BLOCK_CAPTURE_AUTORELEASING = YES;
				CLANG_WARN_BOOL_CONVERSION = YES;
				CLANG_WARN_COMMA = YES;
				CLANG_WARN_CONSTANT_CONVERSION = YES;
				CLANG_WARN_DEPRECATED_OBJC_IMPLEMENTATIONS = YES;
				CLANG_WARN_DIRECT_OBJC_ISA_USAGE = YES_ERROR;
				CLANG_WARN_DOCUMENTATION_COMMENTS = YES;
				CLANG_WARN_EMPTY_BODY = YES;
				CLANG_WARN_ENUM_CONVERSION = YES;
				CLANG_WARN_INFINITE_RECURSION = YES;
				CLANG_WARN_INT_CONVERSION = YES;
				CLANG_WARN_NON_LITERAL_NULL_CONVERSION = YES;
				CLANG_WARN_OBJC_IMPLICIT_RETAIN_SELF = YES;
				CLANG_WARN_OBJC_LITERAL_CONVERSION = YES;
				CLANG_WARN_OBJC_ROOT_CLASS = YES_ERROR;
				CLANG_WARN_QUOTED_INCLUDE_IN_FRAMEWORK_HEADER = YES;
				CLANG_WARN_RANGE_LOOP_ANALYSIS = YES;
				CLANG_WARN_STRICT_PROTOTYPES = YES;
				CLANG_WARN_SUSPICIOUS_MOVE = YES;
				CLANG_WARN_UNGUARDED_AVAILABILITY = YES_AGGRESSIVE;
				CLANG_WARN_UNREACHABLE_CODE = YES;
				CLANG_WARN__DUPLICATE_METHOD_MATCH = YES;
				COPY_PHASE_STRIP = NO;
				DEBUG_INFORMATION_FORMAT = dwarf;
				ENABLE_STRICT_OBJC_MSGSEND = YES;
				ENABLE_TESTABILITY = YES;
				ENABLE_USER_SCRIPT_SANDBOXING = YES;
				GCC_C_LANGUAGE_STANDARD = gnu17;
				GCC_DYNAMIC_NO_PIC = NO;
				GCC_NO_COMMON_BLOCKS = YES;
				GCC_OPTIMIZATION_LEVEL = 0;
				GCC_PREPROCESSOR_DEFINITIONS = (
					"DEBUG=1",
					"$(inherited)",
				);
				GCC_WARN_64_TO_32_BIT_CONVERSION = YES;
				GCC_WARN_ABOUT_RETURN_TYPE = YES_ERROR;
				GCC_WARN_UNDECLARED_SELECTOR = YES;
				GCC_WARN_UNINITIALIZED_AUTOS = YES_AGGRESSIVE;
				GCC_WARN_UNUSED_FUNCTION = YES;
				GCC_WARN_UNUSED_VARIABLE = YES;
				LOCALIZATION_PREFERS_STRING_CATALOGS = YES;
				MACOSX_DEPLOYMENT_TARGET = 14.5;
				MTL_ENABLE_DEBUG_INFO = INCLUDE_SOURCE;
				MTL_FAST_MATH = YES;
				ONLY_ACTIVE_ARCH = YES;
				SDKROOT = macosx;
				SWIFT_ACTIVE_COMPILATION_CONDITIONS = "DEBUG $(inherited)";
				SWIFT_OPTIMIZATION_LEVEL = "-Onone";
			};
			name = Debug;
		};
		91928FAA2BFFEDC500C3B9B0 /* Release */ = {
			isa = XCBuildConfiguration;
			buildSettings = {
				ALWAYS_SEARCH_USER_PATHS = NO;
				ASSETCATALOG_COMPILER_GENERATE_SWIFT_ASSET_SYMBOL_EXTENSIONS = YES;
				CLANG_ANALYZER_NONNULL = YES;
				CLANG_ANALYZER_NUMBER_OBJECT_CONVERSION = YES_AGGRESSIVE;
				CLANG_CXX_LANGUAGE_STANDARD = "gnu++20";
				CLANG_ENABLE_MODULES = YES;
				CLANG_ENABLE_OBJC_ARC = YES;
				CLANG_ENABLE_OBJC_WEAK = YES;
				CLANG_WARN_BLOCK_CAPTURE_AUTORELEASING = YES;
				CLANG_WARN_BOOL_CONVERSION = YES;
				CLANG_WARN_COMMA = YES;
				CLANG_WARN_CONSTANT_CONVERSION = YES;
				CLANG_WARN_DEPRECATED_OBJC_IMPLEMENTATIONS = YES;
				CLANG_WARN_DIRECT_OBJC_ISA_USAGE = YES_ERROR;
				CLANG_WARN_DOCUMENTATION_COMMENTS = YES;
				CLANG_WARN_EMPTY_BODY = YES;
				CLANG_WARN_ENUM_CONVERSION = YES;
				CLANG_WARN_INFINITE_RECURSION = YES;
				CLANG_WARN_INT_CONVERSION = YES;
				CLANG_WARN_NON_LITERAL_NULL_CONVERSION = YES;
				CLANG_WARN_OBJC_IMPLICIT_RETAIN_SELF = YES;
				CLANG_WARN_OBJC_LITERAL_CONVERSION = YES;
				CLANG_WARN_OBJC_ROOT_CLASS = YES_ERROR;
				CLANG_WARN_QUOTED_INCLUDE_IN_FRAMEWORK_HEADER = YES;
				CLANG_WARN_RANGE_LOOP_ANALYSIS = YES;
				CLANG_WARN_STRICT_PROTOTYPES = YES;
				CLANG_WARN_SUSPICIOUS_MOVE = YES;
				CLANG_WARN_UNGUARDED_AVAILABILITY = YES_AGGRESSIVE;
				CLANG_WARN_UNREACHABLE_CODE = YES;
				CLANG_WARN__DUPLICATE_METHOD_MATCH = YES;
				COPY_PHASE_STRIP = NO;
				DEBUG_INFORMATION_FORMAT = "dwarf-with-dsym";
				ENABLE_NS_ASSERTIONS = NO;
				ENABLE_STRICT_OBJC_MSGSEND = YES;
				ENABLE_USER_SCRIPT_SANDBOXING = YES;
				GCC_C_LANGUAGE_STANDARD = gnu17;
				GCC_NO_COMMON_BLOCKS = YES;
				GCC_WARN_64_TO_32_BIT_CONVERSION = YES;
				GCC_WARN_ABOUT_RETURN_TYPE = YES_ERROR;
				GCC_WARN_UNDECLARED_SELECTOR = YES;
				GCC_WARN_UNINITIALIZED_AUTOS = YES_AGGRESSIVE;
				GCC_WARN_UNUSED_FUNCTION = YES;
				GCC_WARN_UNUSED_VARIABLE = YES;
				LOCALIZATION_PREFERS_STRING_CATALOGS = YES;
				MACOSX_DEPLOYMENT_TARGET = 14.5;
				MTL_ENABLE_DEBUG_INFO = NO;
				MTL_FAST_MATH = YES;
				SDKROOT = macosx;
				SWIFT_COMPILATION_MODE = wholemodule;
			};
			name = Release;
		};
		91928FAC2BFFEDC500C3B9B0 /* Debug */ = {
			isa = XCBuildConfiguration;
			buildSettings = {
				ASSETCATALOG_COMPILER_APPICON_NAME = AppIcon;
				ASSETCATALOG_COMPILER_GLOBAL_ACCENT_COLOR_NAME = AccentColor;
				CODE_SIGN_ENTITLEMENTS = FriendSimulator/FriendSimulator.entitlements;
				CODE_SIGN_STYLE = Automatic;
				COMBINE_HIDPI_IMAGES = YES;
				CURRENT_PROJECT_VERSION = 1;
				DEVELOPMENT_ASSET_PATHS = "\"FriendSimulator/Preview Content\"";
				DEVELOPMENT_TEAM = "";
				ENABLE_HARDENED_RUNTIME = YES;
				ENABLE_PREVIEWS = YES;
				GENERATE_INFOPLIST_FILE = YES;
				INFOPLIST_FILE = FriendSimulator/Info.plist;
				INFOPLIST_KEY_NSBluetoothAlwaysUsageDescription = "App needs to expose Friend over BLE";
				INFOPLIST_KEY_NSBluetoothPeripheralUsageDescription = "App needs to expose Friend over BLE";
				INFOPLIST_KEY_NSHumanReadableCopyright = "";
				INFOPLIST_KEY_NSMicrophoneUsageDescription = "Need to record sound";
				LD_RUNPATH_SEARCH_PATHS = (
					"$(inherited)",
					"@executable_path/../Frameworks",
				);
				MARKETING_VERSION = 1.0;
				PRODUCT_BUNDLE_IDENTIFIER = com.basedhardware.FriendSimulator;
				PRODUCT_NAME = "$(TARGET_NAME)";
				SWIFT_EMIT_LOC_STRINGS = YES;
				SWIFT_VERSION = 5.0;
			};
			name = Debug;
		};
		91928FAD2BFFEDC500C3B9B0 /* Release */ = {
			isa = XCBuildConfiguration;
			buildSettings = {
				ASSETCATALOG_COMPILER_APPICON_NAME = AppIcon;
				ASSETCATALOG_COMPILER_GLOBAL_ACCENT_COLOR_NAME = AccentColor;
				CODE_SIGN_ENTITLEMENTS = FriendSimulator/FriendSimulator.entitlements;
				CODE_SIGN_STYLE = Automatic;
				COMBINE_HIDPI_IMAGES = YES;
				CURRENT_PROJECT_VERSION = 1;
				DEVELOPMENT_ASSET_PATHS = "\"FriendSimulator/Preview Content\"";
				DEVELOPMENT_TEAM = "";
				ENABLE_HARDENED_RUNTIME = YES;
				ENABLE_PREVIEWS = YES;
				GENERATE_INFOPLIST_FILE = YES;
				INFOPLIST_FILE = FriendSimulator/Info.plist;
				INFOPLIST_KEY_NSBluetoothAlwaysUsageDescription = "App needs to expose Friend over BLE";
				INFOPLIST_KEY_NSBluetoothPeripheralUsageDescription = "App needs to expose Friend over BLE";
				INFOPLIST_KEY_NSHumanReadableCopyright = "";
				INFOPLIST_KEY_NSMicrophoneUsageDescription = "Need to record sound";
				LD_RUNPATH_SEARCH_PATHS = (
					"$(inherited)",
					"@executable_path/../Frameworks",
				);
				MARKETING_VERSION = 1.0;
				PRODUCT_BUNDLE_IDENTIFIER = com.basedhardware.FriendSimulator;
				PRODUCT_NAME = "$(TARGET_NAME)";
				SWIFT_EMIT_LOC_STRINGS = YES;
				SWIFT_VERSION = 5.0;
			};
			name = Release;
		};
/* End XCBuildConfiguration section */

/* Begin XCConfigurationList section */
		91928F972BFFEDC400C3B9B0 /* Build configuration list for PBXProject "FriendSimulator" */ = {
			isa = XCConfigurationList;
			buildConfigurations = (
				91928FA92BFFEDC500C3B9B0 /* Debug */,
				91928FAA2BFFEDC500C3B9B0 /* Release */,
			);
			defaultConfigurationIsVisible = 0;
			defaultConfigurationName = Release;
		};
		91928FAB2BFFEDC500C3B9B0 /* Build configuration list for PBXNativeTarget "FriendSimulator" */ = {
			isa = XCConfigurationList;
			buildConfigurations = (
				91928FAC2BFFEDC500C3B9B0 /* Debug */,
				91928FAD2BFFEDC500C3B9B0 /* Release */,
			);
			defaultConfigurationIsVisible = 0;
			defaultConfigurationName = Release;
		};
/* End XCConfigurationList section */
	};
	rootObject = 91928F942BFFEDC400C3B9B0 /* Project object */;
}
